
Microsoft Visual Studio Solution File, Format Version 12.00
# Visual Studio Version 16
VisualStudioVersion = 16.0.31729.503
MinimumVisualStudioVersion = 10.0.40219.1
Project("{FAE04EC0-301F-11D3-BF4B-00C04F79EFBC}") = "Komodo.UI", "Komodo.UI\Komodo.UI.csproj", "{26204B42-8F65-44D4-9DAB-B3D94E624139}"
EndProject
Project("{FAE04EC0-301F-11D3-BF4B-00C04F79EFBC}") = "Komodo.Repos", "Komodo.Repos\Komodo.Repos.csproj", "{006CD94E-A960-4B3E-A0EC-55434DE9D55A}"
EndProject
Project("{FAE04EC0-301F-11D3-BF4B-00C04F79EFBC}") = "Komodo.POCOs", "Komodo.POCOs\Komodo.POCOs.csproj", "{B300038E-D9A0-4BED-9089-1321CC637704}"
EndProject
Global
	GlobalSection(SolutionConfigurationPlatforms) = preSolution
		Debug|Any CPU = Debug|Any CPU
		Release|Any CPU = Release|Any CPU
	EndGlobalSection
	GlobalSection(ProjectConfigurationPlatforms) = postSolution
		{26204B42-8F65-44D4-9DAB-B3D94E624139}.Debug|Any CPU.ActiveCfg = Debug|Any CPU
		{26204B42-8F65-44D4-9DAB-B3D94E624139}.Debug|Any CPU.Build.0 = Debug|Any CPU
		{26204B42-8F65-44D4-9DAB-B3D94E624139}.Release|Any CPU.ActiveCfg = Release|Any CPU
		{26204B42-8F65-44D4-9DAB-B3D94E624139}.Release|Any CPU.Build.0 = Release|Any CPU
		{006CD94E-A960-4B3E-A0EC-55434DE9D55A}.Debug|Any CPU.ActiveCfg = Debug|Any CPU
		{006CD94E-A960-4B3E-A0EC-55434DE9D55A}.Debug|Any CPU.Build.0 = Debug|Any CPU
		{006CD94E-A960-4B3E-A0EC-55434DE9D55A}.Release|Any CPU.ActiveCfg = Release|Any CPU
		{006CD94E-A960-4B3E-A0EC-55434DE9D55A}.Release|Any CPU.Build.0 = Release|Any CPU
		{B300038E-D9A0-4BED-9089-1321CC637704}.Debug|Any CPU.ActiveCfg = Debug|Any CPU
		{B300038E-D9A0-4BED-9089-1321CC637704}.Debug|Any CPU.Build.0 = Debug|Any CPU
		{B300038E-D9A0-4BED-9089-1321CC637704}.Release|Any CPU.ActiveCfg = Release|Any CPU
		{B300038E-D9A0-4BED-9089-1321CC637704}.Release|Any CPU.Build.0 = Release|Any CPU
	EndGlobalSection
	GlobalSection(SolutionProperties) = preSolution
		HideSolutionNode = FALSE
	EndGlobalSection
	GlobalSection(ExtensibilityGlobals) = postSolution
		SolutionGuid = {02925300-371E-4474-8AD7-641C90D6B41C}
	EndGlobalSection
EndGlobal
